<?xml version="1.0" encoding="utf-8"?>
<Project ToolsVersion="4.0" xmlns="http://schemas.microsoft.com/developer/msbuild/2003">
  <ItemGroup>
    <Filter Include="Resource Files">
      <UniqueIdentifier>{67DA6AB6-F800-4c08-8B7A-83BB121AAD01}</UniqueIdentifier>
      <Extensions>rc;ico;cur;bmp;dlg;rc2;rct;bin;rgs;gif;jpg;jpeg;jpe;resx;tiff;tif;png;wav;mfcribbon-ms</Extensions>
    </Filter>
    <Filter Include="Engine">
      <UniqueIdentifier>{4FC737F1-C7A5-4376-A066-2A32D752A2FF}</UniqueIdentifier>
      <Extensions>
      </Extensions>
    </Filter>
    <Filter Include="Engine\Vulkan">
      <UniqueIdentifier>{3b2143cf-bf31-4086-973a-20c2fd1728c4}</UniqueIdentifier>
    </Filter>
    <Filter Include="Engine\Vulkan\Data">
      <UniqueIdentifier>{0f3d1586-9888-4280-9b4c-556c2a1f85a6}</UniqueIdentifier>
    </Filter>
    <Filter Include="Engine\Vulkan\ObjectWrappers">
      <UniqueIdentifier>{d80ebb31-2d35-444a-bb9f-2cae88c144cd}</UniqueIdentifier>
    </Filter>
    <Filter Include="Engine\Test">
      <UniqueIdentifier>{87f1df09-1d5c-4f53-a19f-7170d94f4fa4}</UniqueIdentifier>
    </Filter>
    <Filter Include="Game">
      <UniqueIdentifier>{35750f56-b42c-4af0-a297-4681e57442eb}</UniqueIdentifier>
    </Filter>
    <Filter Include="Engine\Graphics">
      <UniqueIdentifier>{13e0c615-bb33-4b34-9376-89cc68cb740a}</UniqueIdentifier>
    </Filter>
    <Filter Include="Filetypes">
      <UniqueIdentifier>{1df33123-56df-47c4-8cef-9f8515a20045}</UniqueIdentifier>
    </Filter>
    <Filter Include="Engine\Support">
      <UniqueIdentifier>{8faa7871-61ed-4245-8980-8c22d238a69c}</UniqueIdentifier>
    </Filter>
    <Filter Include="Engine\Support\stb">
      <UniqueIdentifier>{9ab31d46-5b01-4991-a01c-9c7360d50c85}</UniqueIdentifier>
    </Filter>
    <Filter Include="Engine\Graphics\Shaders">
      <UniqueIdentifier>{9e152800-bbd0-4668-9c63-2136434845bc}</UniqueIdentifier>
    </Filter>
    <Filter Include="Engine\Graphics\Materials">
      <UniqueIdentifier>{eb8394ef-701d-4f03-9731-46ebec427f44}</UniqueIdentifier>
    </Filter>
    <Filter Include="Engine\Math">
      <UniqueIdentifier>{7d21cb1d-c674-4e22-a90d-93807c13c4f2}</UniqueIdentifier>
    </Filter>
    <Filter Include="Engine\Vulkan\Shaders">
      <UniqueIdentifier>{62933ed2-9520-468e-8d19-64379ad1ea9d}</UniqueIdentifier>
    </Filter>
    <Filter Include="Engine\Graphics\Textures">
      <UniqueIdentifier>{67e68718-0ba8-4fa9-8614-d9d1b190e8a9}</UniqueIdentifier>
    </Filter>
    <Filter Include="Engine\Graphics\Mesh">
      <UniqueIdentifier>{4b85fd8f-aad3-468f-84fe-25b08f672fc5}</UniqueIdentifier>
    </Filter>
  </ItemGroup>
  <ItemGroup>
    <ClInclude Include="Main.h">
      <Filter>Engine</Filter>
    </ClInclude>
    <ClInclude Include="Window.h">
      <Filter>Engine</Filter>
    </ClInclude>
    <ClInclude Include="Vulkan.h">
      <Filter>Engine\Vulkan</Filter>
    </ClInclude>
    <ClInclude Include="PhysicalDeviceData.h">
      <Filter>Engine\Vulkan\Data</Filter>
    </ClInclude>
    <ClInclude Include="LogicalDevice.h">
      <Filter>Engine\Vulkan\ObjectWrappers</Filter>
    </ClInclude>
    <ClInclude Include="Swapchain.h">
      <Filter>Engine\Vulkan\ObjectWrappers</Filter>
    </ClInclude>
    <ClInclude Include="SwapchainData.h">
      <Filter>Engine\Vulkan\Data</Filter>
    </ClInclude>
    <ClInclude Include="GraphicsPipeline.h">
      <Filter>Engine\Vulkan\ObjectWrappers</Filter>
    </ClInclude>
    <ClInclude Include="GraphicsPipelineCreateInfo.h">
      <Filter>Engine\Vulkan\Data</Filter>
    </ClInclude>
    <ClInclude Include="stdafx.h">
      <Filter>Engine</Filter>
    </ClInclude>
    <ClInclude Include="GameObjectManager.h">
      <Filter>Game</Filter>
    </ClInclude>
    <ClInclude Include="IGameObject.h">
      <Filter>Game</Filter>
    </ClInclude>
    <ClInclude Include="Sprite.h">
      <Filter>Engine\Graphics</Filter>
    </ClInclude>
    <ClInclude Include="Buffer.h">
      <Filter>Engine\Vulkan\ObjectWrappers</Filter>
    </ClInclude>
    <ClInclude Include="CompilerSettings.h" />
    <ClInclude Include="stb_image.h">
      <Filter>Engine\Support\stb</Filter>
    </ClInclude>
    <ClInclude Include="VulkanDebug.h">
      <Filter>Engine\Vulkan</Filter>
    </ClInclude>
    <ClInclude Include="VulkanHelpers.h">
      <Filter>Engine\Vulkan</Filter>
    </ClInclude>
    <ClInclude Include="JSON.h">
      <Filter>Filetypes</Filter>
    </ClInclude>
    <ClInclude Include="Drawable.h">
      <Filter>Engine\Graphics</Filter>
    </ClInclude>
    <ClInclude Include="IDrawable.h">
      <Filter>Engine\Graphics</Filter>
    </ClInclude>
    <ClInclude Include="Game.h">
      <Filter>Game</Filter>
    </ClInclude>
    <ClInclude Include="ShaderParameterType.h">
      <Filter>Engine</Filter>
    </ClInclude>
    <ClInclude Include="ShaderGroup.h">
      <Filter>Engine\Graphics\Shaders</Filter>
    </ClInclude>
    <ClInclude Include="ShaderGroupData.h">
      <Filter>Engine\Graphics\Shaders</Filter>
    </ClInclude>
    <ClInclude Include="ShaderGroupDataManager.h">
      <Filter>Engine\Graphics\Shaders</Filter>
    </ClInclude>
    <ClInclude Include="ShaderGroupManager.h">
      <Filter>Engine\Graphics\Shaders</Filter>
    </ClInclude>
    <ClInclude Include="IMaterial.h">
      <Filter>Engine\Graphics\Materials</Filter>
    </ClInclude>
    <ClInclude Include="Material.h">
      <Filter>Engine\Graphics\Materials</Filter>
    </ClInclude>
    <ClInclude Include="MaterialData.h">
      <Filter>Engine\Graphics\Materials</Filter>
    </ClInclude>
    <ClInclude Include="MaterialDataManager.h">
      <Filter>Engine\Graphics\Materials</Filter>
    </ClInclude>
    <ClInclude Include="MaterialManager.h">
      <Filter>Engine\Graphics\Materials</Filter>
    </ClInclude>
    <ClInclude Include="DataStore.h">
      <Filter>Engine\Support</Filter>
    </ClInclude>
    <ClInclude Include="FixedWindows.h">
      <Filter>Engine\Support</Filter>
    </ClInclude>
    <ClInclude Include="Log.h">
      <Filter>Engine\Support</Filter>
    </ClInclude>
    <ClInclude Include="StringConverter.h">
      <Filter>Engine\Support</Filter>
    </ClInclude>
    <ClInclude Include="StringTools.h">
      <Filter>Engine\Support</Filter>
    </ClInclude>
    <ClInclude Include="TestDrawable.h">
      <Filter>Engine\Test</Filter>
    </ClInclude>
    <ClInclude Include="Transform.h">
      <Filter>Engine\Math</Filter>
    </ClInclude>
    <ClInclude Include="UniformBuffer.h">
      <Filter>Engine\Vulkan\ObjectWrappers</Filter>
    </ClInclude>
    <ClInclude Include="QueueType.h">
      <Filter>Engine\Vulkan</Filter>
    </ClInclude>
    <ClInclude Include="Enums.h">
      <Filter>Engine\Support</Filter>
    </ClInclude>
    <ClInclude Include="BuiltinUniformBuffers.h">
      <Filter>Engine\Test</Filter>
    </ClInclude>
    <ClInclude Include="TransformBuffer.h">
      <Filter>Engine\Test</Filter>
    </ClInclude>
    <ClInclude Include="GlobalValues.h">
      <Filter>Engine\Support</Filter>
    </ClInclude>
    <ClInclude Include="DescriptorSet.h">
      <Filter>Engine\Vulkan\ObjectWrappers</Filter>
    </ClInclude>
    <ClInclude Include="DescriptorSetCreateInfo.h">
      <Filter>Engine\Vulkan\Data</Filter>
    </ClInclude>
    <ClInclude Include="DescriptorSetLayout.h">
      <Filter>Engine\Vulkan\ObjectWrappers</Filter>
    </ClInclude>
    <ClInclude Include="DescriptorSetLayoutCreateInfo.h">
      <Filter>Engine\Vulkan\Data</Filter>
    </ClInclude>
    <ClInclude Include="TextureManager.h">
      <Filter>Engine\Graphics\Textures</Filter>
    </ClInclude>
    <ClInclude Include="Texture.h">
      <Filter>Engine\Graphics\Textures</Filter>
    </ClInclude>
    <ClInclude Include="TextureCreateInfo.h">
      <Filter>Engine\Graphics\Textures</Filter>
    </ClInclude>
    <ClInclude Include="ShaderType.h">
      <Filter>Engine\Graphics\Shaders</Filter>
    </ClInclude>
    <ClInclude Include="DeviceFeature.h">
      <Filter>Engine\Vulkan</Filter>
    </ClInclude>
    <ClInclude Include="Mesh.h">
      <Filter>Engine\Graphics\Mesh</Filter>
    </ClInclude>
    <ClInclude Include="VertexList.h">
      <Filter>Engine\Graphics\Mesh</Filter>
    </ClInclude>
    <ClInclude Include="SimpleVertex.h">
      <Filter>Engine\Graphics\Mesh</Filter>
    </ClInclude>
    <ClInclude Include="IVertexList.h">
      <Filter>Engine\Graphics\Mesh</Filter>
    </ClInclude>
    <ClInclude Include="Util.h">
      <Filter>Engine\Support</Filter>
    </ClInclude>
    <ClInclude Include="ContentPaths.h">
      <Filter>Engine\Support</Filter>
    </ClInclude>
    <ClInclude Include="BaseException.h">
      <Filter>Engine\Support</Filter>
    </ClInclude>
    <ClInclude Include="ShaderModule.h">
      <Filter>Engine\Graphics\Shaders</Filter>
    </ClInclude>
    <ClInclude Include="ShaderModuleData.h">
      <Filter>Engine\Graphics\Shaders</Filter>
    </ClInclude>
    <ClInclude Include="ShaderModuleDataManager.h">
      <Filter>Engine\Graphics\Shaders</Filter>
    </ClInclude>
  </ItemGroup>
  <ItemGroup>
    <ClCompile Include="Main.cpp">
      <Filter>Engine</Filter>
    </ClCompile>
    <ClCompile Include="Window.cpp">
      <Filter>Engine</Filter>
    </ClCompile>
    <ClCompile Include="Vulkan.cpp">
      <Filter>Engine\Vulkan</Filter>
    </ClCompile>
    <ClCompile Include="PhysicalDeviceData.cpp">
      <Filter>Engine\Vulkan\Data</Filter>
    </ClCompile>
    <ClCompile Include="LogicalDevice.cpp">
      <Filter>Engine\Vulkan\ObjectWrappers</Filter>
    </ClCompile>
    <ClCompile Include="SwapchainData.cpp">
      <Filter>Engine\Vulkan\Data</Filter>
    </ClCompile>
    <ClCompile Include="Swapchain.cpp">
      <Filter>Engine\Vulkan\ObjectWrappers</Filter>
    </ClCompile>
    <ClCompile Include="stdafx.cpp">
      <Filter>Engine</Filter>
    </ClCompile>
    <ClCompile Include="GraphicsPipeline.cpp">
      <Filter>Engine\Vulkan\ObjectWrappers</Filter>
    </ClCompile>
    <ClCompile Include="GameObjectManager.cpp">
      <Filter>Engine</Filter>
    </ClCompile>
    <ClCompile Include="Buffer.cpp">
      <Filter>Engine\Vulkan\ObjectWrappers</Filter>
    </ClCompile>
    <ClCompile Include="stb_image.cpp">
      <Filter>Engine\Support\stb</Filter>
    </ClCompile>
    <ClCompile Include="VulkanDebug.cpp">
      <Filter>Engine\Vulkan</Filter>
    </ClCompile>
    <ClCompile Include="VulkanHelpers.cpp">
      <Filter>Engine\Vulkan</Filter>
    </ClCompile>
    <ClCompile Include="JSON.cpp">
      <Filter>Filetypes</Filter>
    </ClCompile>
    <ClCompile Include="Game.cpp">
      <Filter>Game</Filter>
    </ClCompile>
    <ClCompile Include="ShaderGroup.cpp">
      <Filter>Engine\Graphics\Shaders</Filter>
    </ClCompile>
    <ClCompile Include="ShaderGroupData.cpp">
      <Filter>Engine\Graphics\Shaders</Filter>
    </ClCompile>
    <ClCompile Include="ShaderGroupDataManager.cpp">
      <Filter>Engine\Graphics\Shaders</Filter>
    </ClCompile>
    <ClCompile Include="ShaderGroupManager.cpp">
      <Filter>Engine\Graphics\Shaders</Filter>
    </ClCompile>
    <ClCompile Include="Material.cpp">
      <Filter>Engine\Graphics\Materials</Filter>
    </ClCompile>
    <ClCompile Include="MaterialData.cpp">
      <Filter>Engine\Graphics\Materials</Filter>
    </ClCompile>
    <ClCompile Include="MaterialDataManager.cpp">
      <Filter>Engine\Graphics\Materials</Filter>
    </ClCompile>
    <ClCompile Include="MaterialManager.cpp">
      <Filter>Engine\Graphics\Materials</Filter>
    </ClCompile>
    <ClCompile Include="Log.cpp">
      <Filter>Engine\Support</Filter>
    </ClCompile>
    <ClCompile Include="StringTools.cpp">
      <Filter>Engine\Support</Filter>
    </ClCompile>
    <ClCompile Include="Transform.cpp">
      <Filter>Engine\Math</Filter>
    </ClCompile>
    <ClCompile Include="Drawable.cpp">
      <Filter>Engine\Graphics</Filter>
    </ClCompile>
    <ClCompile Include="UniformBuffer.cpp">
      <Filter>Engine\Vulkan\ObjectWrappers</Filter>
    </ClCompile>
    <ClCompile Include="BuiltinUniformBuffers.cpp">
      <Filter>Engine\Test</Filter>
    </ClCompile>
    <ClCompile Include="TestDrawable.cpp">
      <Filter>Engine\Test</Filter>
    </ClCompile>
    <ClCompile Include="GlobalValues.cpp">
      <Filter>Engine\Support</Filter>
    </ClCompile>
    <ClCompile Include="DescriptorSet.cpp">
      <Filter>Engine\Vulkan\ObjectWrappers</Filter>
    </ClCompile>
    <ClCompile Include="DescriptorSetLayout.cpp">
      <Filter>Engine\Vulkan\ObjectWrappers</Filter>
    </ClCompile>
    <ClCompile Include="StringConverter.cpp">
      <Filter>Engine\Support</Filter>
    </ClCompile>
    <ClCompile Include="Texture.cpp">
      <Filter>Engine\Graphics\Textures</Filter>
    </ClCompile>
    <ClCompile Include="ShaderType.cpp">
      <Filter>Engine\Graphics\Shaders</Filter>
    </ClCompile>
    <ClCompile Include="DeviceFeature.cpp">
      <Filter>Engine\Vulkan</Filter>
    </ClCompile>
    <ClCompile Include="Mesh.cpp">
      <Filter>Engine\Graphics\Mesh</Filter>
    </ClCompile>
    <ClCompile Include="TextureCreateInfo.cpp">
      <Filter>Engine\Graphics\Textures</Filter>
    </ClCompile>
    <ClCompile Include="TextureManager.cpp">
      <Filter>Engine\Graphics\Textures</Filter>
    </ClCompile>
    <ClCompile Include="Util.cpp">
      <Filter>Engine\Support</Filter>
    </ClCompile>
    <ClCompile Include="ContentPaths.cpp">
      <Filter>Engine\Support</Filter>
    </ClCompile>
    <ClCompile Include="ShaderParameterType.cpp">
      <Filter>Engine</Filter>
    </ClCompile>
    <ClCompile Include="ShaderModule.cpp">
      <Filter>Engine\Graphics\Shaders</Filter>
    </ClCompile>
    <ClCompile Include="ShaderModuleData.cpp">
      <Filter>Engine\Graphics\Shaders</Filter>
    </ClCompile>
    <ClCompile Include="ShaderModuleDataManager.cpp" />
  </ItemGroup>
  <ItemGroup>
    <None Include="packages.config" />
  </ItemGroup>
  <ItemGroup>
    <Manifest Include="AppManifest.manifest" />
  </ItemGroup>
  <ItemGroup>
    <CustomBuild Include="shaders\simple\simple.frag">
      <Filter>Engine\Vulkan\Shaders</Filter>
    </CustomBuild>
    <CustomBuild Include="shaders\simple\simple.vert">
      <Filter>Engine\Vulkan\Shaders</Filter>
    </CustomBuild>
  </ItemGroup>
</Project>