<?xml version="1.0" encoding="utf-8"?>
<Project ToolsVersion="4.0" xmlns="http://schemas.microsoft.com/developer/msbuild/2003">
  <ItemGroup>
    <Filter Include="Resource Files">
      <UniqueIdentifier>{67DA6AB6-F800-4c08-8B7A-83BB121AAD01}</UniqueIdentifier>
      <Extensions>rc;ico;cur;bmp;dlg;rc2;rct;bin;rgs;gif;jpg;jpeg;jpe;resx;tiff;tif;png;wav;mfcribbon-ms</Extensions>
    </Filter>
    <Filter Include="Source">
      <UniqueIdentifier>{4FC737F1-C7A5-4376-A066-2A32D752A2FF}</UniqueIdentifier>
      <Extensions>cpp;c;cc;cxx;def;odl;idl;hpj;bat;asm;asmx</Extensions>
    </Filter>
    <Filter Include="Source\Vulkan">
      <UniqueIdentifier>{3b2143cf-bf31-4086-973a-20c2fd1728c4}</UniqueIdentifier>
    </Filter>
    <Filter Include="Source\Vulkan\Data">
      <UniqueIdentifier>{0f3d1586-9888-4280-9b4c-556c2a1f85a6}</UniqueIdentifier>
    </Filter>
    <Filter Include="Source\Vulkan\ObjectWrappers">
      <UniqueIdentifier>{d80ebb31-2d35-444a-bb9f-2cae88c144cd}</UniqueIdentifier>
    </Filter>
  </ItemGroup>
  <ItemGroup>
    <ClInclude Include="FixedWindows.h">
      <Filter>Source</Filter>
    </ClInclude>
    <ClInclude Include="Game.h">
      <Filter>Source</Filter>
    </ClInclude>
    <ClInclude Include="Log.h">
      <Filter>Source</Filter>
    </ClInclude>
    <ClInclude Include="Main.h">
      <Filter>Source</Filter>
    </ClInclude>
    <ClInclude Include="StringConverter.h">
      <Filter>Source</Filter>
    </ClInclude>
    <ClInclude Include="StringTools.h">
      <Filter>Source</Filter>
    </ClInclude>
    <ClInclude Include="Util.h">
      <Filter>Source</Filter>
    </ClInclude>
    <ClInclude Include="Window.h">
      <Filter>Source</Filter>
    </ClInclude>
    <ClInclude Include="Vulkan.h">
      <Filter>Source\Vulkan</Filter>
    </ClInclude>
    <ClInclude Include="VulkanEnumOperators.h">
      <Filter>Source\Vulkan</Filter>
    </ClInclude>
    <ClInclude Include="PhysicalDeviceData.h">
      <Filter>Source\Vulkan\Data</Filter>
    </ClInclude>
    <ClInclude Include="LogicalDevice.h">
      <Filter>Source\Vulkan\ObjectWrappers</Filter>
    </ClInclude>
    <ClInclude Include="Swapchain.h">
      <Filter>Source\Vulkan\ObjectWrappers</Filter>
    </ClInclude>
    <ClInclude Include="SwapchainData.h">
      <Filter>Source\Vulkan\Data</Filter>
    </ClInclude>
  </ItemGroup>
  <ItemGroup>
    <ClCompile Include="Main.cpp">
      <Filter>Source</Filter>
    </ClCompile>
    <ClCompile Include="Game.cpp">
      <Filter>Source</Filter>
    </ClCompile>
    <ClCompile Include="Log.cpp">
      <Filter>Source</Filter>
    </ClCompile>
    <ClCompile Include="StringTools.cpp">
      <Filter>Source</Filter>
    </ClCompile>
    <ClCompile Include="Window.cpp">
      <Filter>Source</Filter>
    </ClCompile>
    <ClCompile Include="Vulkan.cpp">
      <Filter>Source\Vulkan</Filter>
    </ClCompile>
    <ClCompile Include="PhysicalDeviceData.cpp">
      <Filter>Source\Vulkan\Data</Filter>
    </ClCompile>
    <ClCompile Include="LogicalDevice.cpp">
      <Filter>Source\Vulkan\ObjectWrappers</Filter>
    </ClCompile>
    <ClCompile Include="SwapchainData.cpp">
      <Filter>Source\Vulkan\Data</Filter>
    </ClCompile>
    <ClCompile Include="Swapchain.cpp">
      <Filter>Source\Vulkan\ObjectWrappers</Filter>
    </ClCompile>
  </ItemGroup>
  <ItemGroup>
    <None Include="packages.config" />
  </ItemGroup>
</Project>